<?xml version="1.0" encoding="utf-8"?>
<Project ToolsVersion="4.0" xmlns="http://schemas.microsoft.com/developer/msbuild/2003">
  <ItemGroup>
    <Filter Include="Source Files">
      <UniqueIdentifier>{4FC737F1-C7A5-4376-A066-2A32D752A2FF}</UniqueIdentifier>
      <Extensions>cpp;c;cc;cxx;c++;cppm;ixx;def;odl;idl;hpj;bat;asm;asmx</Extensions>
    </Filter>
    <Filter Include="Header Files">
      <UniqueIdentifier>{93995380-89BD-4b04-88EB-625FBE52EBFB}</UniqueIdentifier>
      <Extensions>h;hh;hpp;hxx;h++;hm;inl;inc;ipp;xsd</Extensions>
    </Filter>
    <Filter Include="Resource Files">
      <UniqueIdentifier>{67DA6AB6-F800-4c08-8B7A-83BB121AAD01}</UniqueIdentifier>
      <Extensions>rc;ico;cur;bmp;dlg;rc2;rct;bin;rgs;gif;jpg;jpeg;jpe;resx;tiff;tif;png;wav;mfcribbon-ms</Extensions>
    </Filter>
  </ItemGroup>
  <ItemGroup>
    <ClCompile Include="main.cpp">
      <Filter>Source Files</Filter>
    </ClCompile>
    <ClCompile Include="mainmenu.cpp">
      <Filter>Source Files</Filter>
    </ClCompile>
    <ClCompile Include="teamRecordMenu.cpp">
      <Filter>Source Files</Filter>
    </ClCompile>
    <ClCompile Include="linearSearch.cpp">
      <Filter>Source Files</Filter>
    </ClCompile>
    <ClCompile Include="listTest.cpp">
      <Filter>Source Files</Filter>
    </ClCompile>
    <ClCompile Include="..\..\..\..\Downloads\Semester-Project-master\Semester-Project-master\QBstatsMenu.cpp">
      <Filter>Source Files</Filter>
    </ClCompile>
    <ClCompile Include="stack.cpp">
      <Filter>Source Files</Filter>
    </ClCompile>
  </ItemGroup>
  <ItemGroup>
    <ClInclude Include="player.h">
      <Filter>Header Files</Filter>
    </ClInclude>
    <ClInclude Include="person.h">
      <Filter>Header Files</Filter>
    </ClInclude>
    <ClInclude Include="teamrecord.h">
      <Filter>Header Files</Filter>
    </ClInclude>
    <ClInclude Include="linearSearch.h">
      <Filter>Header Files</Filter>
    </ClInclude>
    <ClInclude Include="PlayerList.h">
      <Filter>Header Files</Filter>
    </ClInclude>
    <ClInclude Include="QBstats.h">
      <Filter>Header Files</Filter>
    </ClInclude>
    <ClInclude Include="stack.h">
      <Filter>Header Files</Filter>
    </ClInclude>
  </ItemGroup>
  <ItemGroup>
    <Text Include="TampaBayBuccaneers.txt">
      <Filter>Resource Files</Filter>
    </Text>
    <Text Include="NewOrleansSaints.txt">
      <Filter>Resource Files</Filter>
    </Text>
    <Text Include="records.txt">
      <Filter>Resource Files</Filter>
    </Text>
    <Text Include="..\..\..\..\Downloads\Semester-Project-master\Semester-Project-master\QBstats.txt">
      <Filter>Resource Files</Filter>
    </Text>
    <Text Include="teamNames.txt">
      <Filter>Resource Files</Filter>
    </Text>
    <Text Include="teamFilenames.txt">
      <Filter>Resource Files</Filter>
    </Text>
    <Text Include="DetroitLions.txt">
      <Filter>Resource Files</Filter>
    </Text>
    <Text Include="GreenBayPackers.txt">
      <Filter>Resource Files</Filter>
    </Text>
    <Text Include="HoustonTexans.txt">
      <Filter>Resource Files</Filter>
    </Text>
    <Text Include="IndianapolisColts.txt">
      <Filter>Resource Files</Filter>
    </Text>
    <Text Include="ArizonaCardinals.txt">
      <Filter>Resource Files</Filter>
    </Text>
    <Text Include="AtlantaFalcons.txt">
      <Filter>Resource Files</Filter>
    </Text>
    <Text Include="BaltimoreRavens.txt">
      <Filter>Resource Files</Filter>
    </Text>
    <Text Include="BuffaloBills.txt">
      <Filter>Resource Files</Filter>
    </Text>
    <Text Include="CarolinaPanthers.txt">
      <Filter>Resource Files</Filter>
    </Text>
    <Text Include="ChicagoBears.txt">
      <Filter>Resource Files</Filter>
    </Text>
    <Text Include="CincinnatiBengals.txt">
      <Filter>Resource Files</Filter>
    </Text>
    <Text Include="ClevelandBrowns.txt">
      <Filter>Resource Files</Filter>
    </Text>
    <Text Include="DallasCowboys.txt">
      <Filter>Resource Files</Filter>
    </Text>
    <Text Include="DenverBroncos.txt">
      <Filter>Resource Files</Filter>
    </Text>
    <Text Include="JacksonvilleJaguars.txt">
      <Filter>Resource Files</Filter>
    </Text>
    <Text Include="KansasCityChiefs.txt">
      <Filter>Resource Files</Filter>
    </Text>
    <Text Include="LasVegasRaiders.txt">
      <Filter>Resource Files</Filter>
    </Text>
    <Text Include="LosAngelesChargers.txt">
      <Filter>Resource Files</Filter>
    </Text>
    <Text Include="LosAngelesRams.txt">
      <Filter>Resource Files</Filter>
    </Text>
    <Text Include="MiamiDolphins.txt">
      <Filter>Resource Files</Filter>
    </Text>
    <Text Include="MinnesotaVikings.txt">
      <Filter>Resource Files</Filter>
    </Text>
    <Text Include="NewEnglandPatriots.txt">
      <Filter>Resource Files</Filter>
    </Text>
    <Text Include="NewYorkGiants.txt">
      <Filter>Resource Files</Filter>
    </Text>
    <Text Include="NewYorkJets.txt">
      <Filter>Resource Files</Filter>
    </Text>
    <Text Include="PhiladelphiaEagles.txt">
      <Filter>Resource Files</Filter>
    </Text>
    <Text Include="PittsburghSteelers.txt">
      <Filter>Resource Files</Filter>
    </Text>
    <Text Include="SanFrancisco49ers.txt">
      <Filter>Resource Files</Filter>
    </Text>
    <Text Include="SeattleSeahawks.txt">
      <Filter>Resource Files</Filter>
    </Text>
    <Text Include="TennesseeTitans.txt">
      <Filter>Resource Files</Filter>
    </Text>
    <Text Include="WashingtonCommanders.txt">
      <Filter>Resource Files</Filter>
    </Text>
    <Text Include="ReadMe.txt">
      <Filter>Resource Files</Filter>
    </Text>
    <Text Include="stackContents.txt">
      <Filter>Resource Files</Filter>
    </Text>
  </ItemGroup>
</Project>